
Microsoft Visual Studio Solution File, Format Version 12.00
# Visual Studio 15
VisualStudioVersion = 15.0.27703.2035
MinimumVisualStudioVersion = 10.0.40219.1
Project("{FAE04EC0-301F-11D3-BF4B-00C04F79EFBC}") = "ServicioInfraccional", "ServicioInfraccional\ServicioInfraccional.csproj", "{3C4DDBAB-5609-48A3-9359-6622A5495B6C}"
EndProject
Project("{FAE04EC0-301F-11D3-BF4B-00C04F79EFBC}") = "Infraccional.Negocio", "Infraccional.Negocio\Infraccional.Negocio.csproj", "{C8121EB5-A87C-48B7-8FDE-3471FA1A932A}"
EndProject
Project("{FAE04EC0-301F-11D3-BF4B-00C04F79EFBC}") = "Infraccional.ObjetoTransferencia", "Infraccional.ObjetoTransferencia\Infraccional.ObjetoTransferencia.csproj", "{2F612800-58EA-4D62-8850-C8FDF040767E}"
EndProject
Project("{FAE04EC0-301F-11D3-BF4B-00C04F79EFBC}") = "Infraccional.AccesoDatos", "Infraccional.AccesoDatos\Infraccional.AccesoDatos.csproj", "{D15BCD3D-3736-4176-98AE-AE8D29875A9C}"
EndProject
Project("{FAE04EC0-301F-11D3-BF4B-00C04F79EFBC}") = "Utilitarios", "..\Utilitarios\Utilitarios\Utilitarios.csproj", "{86060A0F-7EEB-405C-966A-C80D3F8F4B25}"
EndProject
Global
	GlobalSection(SolutionConfigurationPlatforms) = preSolution
		Debug|Any CPU = Debug|Any CPU
		Release|Any CPU = Release|Any CPU
	EndGlobalSection
	GlobalSection(ProjectConfigurationPlatforms) = postSolution
		{3C4DDBAB-5609-48A3-9359-6622A5495B6C}.Debug|Any CPU.ActiveCfg = Debug|Any CPU
		{3C4DDBAB-5609-48A3-9359-6622A5495B6C}.Debug|Any CPU.Build.0 = Debug|Any CPU
		{3C4DDBAB-5609-48A3-9359-6622A5495B6C}.Release|Any CPU.ActiveCfg = Release|Any CPU
		{3C4DDBAB-5609-48A3-9359-6622A5495B6C}.Release|Any CPU.Build.0 = Release|Any CPU
		{C8121EB5-A87C-48B7-8FDE-3471FA1A932A}.Debug|Any CPU.ActiveCfg = Debug|Any CPU
		{C8121EB5-A87C-48B7-8FDE-3471FA1A932A}.Debug|Any CPU.Build.0 = Debug|Any CPU
		{C8121EB5-A87C-48B7-8FDE-3471FA1A932A}.Release|Any CPU.ActiveCfg = Release|Any CPU
		{C8121EB5-A87C-48B7-8FDE-3471FA1A932A}.Release|Any CPU.Build.0 = Release|Any CPU
		{2F612800-58EA-4D62-8850-C8FDF040767E}.Debug|Any CPU.ActiveCfg = Debug|Any CPU
		{2F612800-58EA-4D62-8850-C8FDF040767E}.Debug|Any CPU.Build.0 = Debug|Any CPU
		{2F612800-58EA-4D62-8850-C8FDF040767E}.Release|Any CPU.ActiveCfg = Release|Any CPU
		{2F612800-58EA-4D62-8850-C8FDF040767E}.Release|Any CPU.Build.0 = Release|Any CPU
		{D15BCD3D-3736-4176-98AE-AE8D29875A9C}.Debug|Any CPU.ActiveCfg = Debug|Any CPU
		{D15BCD3D-3736-4176-98AE-AE8D29875A9C}.Debug|Any CPU.Build.0 = Debug|Any CPU
		{D15BCD3D-3736-4176-98AE-AE8D29875A9C}.Release|Any CPU.ActiveCfg = Release|Any CPU
		{D15BCD3D-3736-4176-98AE-AE8D29875A9C}.Release|Any CPU.Build.0 = Release|Any CPU
		{86060A0F-7EEB-405C-966A-C80D3F8F4B25}.Debug|Any CPU.ActiveCfg = Debug|Any CPU
		{86060A0F-7EEB-405C-966A-C80D3F8F4B25}.Debug|Any CPU.Build.0 = Debug|Any CPU
		{86060A0F-7EEB-405C-966A-C80D3F8F4B25}.Release|Any CPU.ActiveCfg = Release|Any CPU
		{86060A0F-7EEB-405C-966A-C80D3F8F4B25}.Release|Any CPU.Build.0 = Release|Any CPU
	EndGlobalSection
	GlobalSection(SolutionProperties) = preSolution
		HideSolutionNode = FALSE
	EndGlobalSection
	GlobalSection(ExtensibilityGlobals) = postSolution
		SolutionGuid = {8BFE95F0-0505-4337-810A-C92836C8BED9}
	EndGlobalSection
EndGlobal
